
Microsoft Visual Studio Solution File, Format Version 12.00
# Visual Studio Version 16
VisualStudioVersion = 16.0.29503.13
MinimumVisualStudioVersion = 10.0.40219.1
Project("{FAE04EC0-301F-11D3-BF4B-00C04F79EFBC}") = "TUTA_Automation", "TUTA_Automation.csproj", "{81E82D30-EC33-45DA-92BC-04B53C7419E1}"
EndProject
Global
	GlobalSection(SolutionConfigurationPlatforms) = preSolution
		Debug|Any CPU = Debug|Any CPU
		Release|Any CPU = Release|Any CPU
	EndGlobalSection
	GlobalSection(ProjectConfigurationPlatforms) = postSolution
		{81E82D30-EC33-45DA-92BC-04B53C7419E1}.Debug|Any CPU.ActiveCfg = Debug|Any CPU
		{81E82D30-EC33-45DA-92BC-04B53C7419E1}.Debug|Any CPU.Build.0 = Debug|Any CPU
		{81E82D30-EC33-45DA-92BC-04B53C7419E1}.Release|Any CPU.ActiveCfg = Release|Any CPU
		{81E82D30-EC33-45DA-92BC-04B53C7419E1}.Release|Any CPU.Build.0 = Release|Any CPU
	EndGlobalSection
	GlobalSection(SolutionProperties) = preSolution
		HideSolutionNode = FALSE
	EndGlobalSection
	GlobalSection(ExtensibilityGlobals) = postSolution
		SolutionGuid = {F78369C0-4EF2-43D6-AF70-7B7D39898D03}
	EndGlobalSection
EndGlobal
